
Microsoft Visual Studio Solution File, Format Version 12.00
# Visual Studio Version 16
VisualStudioVersion = 16.0.29911.84
MinimumVisualStudioVersion = 10.0.40219.1
Project("{9A19103F-16F7-4668-BE54-9A1E7A4F7556}") = "API", "API\API.csproj", "{494E093B-4F19-42BE-87A4-D9F0B8A2BD4C}"
EndProject
Project("{FAE04EC0-301F-11D3-BF4B-00C04F79EFBC}") = "Core", "Core\Core.csproj", "{686969A4-ACF3-4A14-888D-63FEB636F05A}"
EndProject
Project("{FAE04EC0-301F-11D3-BF4B-00C04F79EFBC}") = "Infrastructure", "Infrastructure\Infrastructure.csproj", "{BE5E43C2-B535-4213-ACDA-6184CCF1F913}"
EndProject
Global
	GlobalSection(SolutionConfigurationPlatforms) = preSolution
		Debug|Any CPU = Debug|Any CPU
		Release|Any CPU = Release|Any CPU
	EndGlobalSection
	GlobalSection(ProjectConfigurationPlatforms) = postSolution
		{494E093B-4F19-42BE-87A4-D9F0B8A2BD4C}.Debug|Any CPU.ActiveCfg = Debug|Any CPU
		{494E093B-4F19-42BE-87A4-D9F0B8A2BD4C}.Debug|Any CPU.Build.0 = Debug|Any CPU
		{494E093B-4F19-42BE-87A4-D9F0B8A2BD4C}.Release|Any CPU.ActiveCfg = Release|Any CPU
		{494E093B-4F19-42BE-87A4-D9F0B8A2BD4C}.Release|Any CPU.Build.0 = Release|Any CPU
		{686969A4-ACF3-4A14-888D-63FEB636F05A}.Debug|Any CPU.ActiveCfg = Debug|Any CPU
		{686969A4-ACF3-4A14-888D-63FEB636F05A}.Debug|Any CPU.Build.0 = Debug|Any CPU
		{686969A4-ACF3-4A14-888D-63FEB636F05A}.Release|Any CPU.ActiveCfg = Release|Any CPU
		{686969A4-ACF3-4A14-888D-63FEB636F05A}.Release|Any CPU.Build.0 = Release|Any CPU
		{BE5E43C2-B535-4213-ACDA-6184CCF1F913}.Debug|Any CPU.ActiveCfg = Debug|Any CPU
		{BE5E43C2-B535-4213-ACDA-6184CCF1F913}.Debug|Any CPU.Build.0 = Debug|Any CPU
		{BE5E43C2-B535-4213-ACDA-6184CCF1F913}.Release|Any CPU.ActiveCfg = Release|Any CPU
		{BE5E43C2-B535-4213-ACDA-6184CCF1F913}.Release|Any CPU.Build.0 = Release|Any CPU
	EndGlobalSection
	GlobalSection(SolutionProperties) = preSolution
		HideSolutionNode = FALSE
	EndGlobalSection
	GlobalSection(ExtensibilityGlobals) = postSolution
		SolutionGuid = {2779C6B0-DBCD-4D9F-9E88-BDBFB0C3D23D}
	EndGlobalSection
EndGlobal
